PODS:
  - CocoaAsyncSocket (7.6.3)
  - macOSThemeKit (1.2.2)

DEPENDENCIES:
  - CocoaAsyncSocket
  - macOSThemeKit (~> 1.2.0)

SPEC REPOS:
  https://github.com/cocoapods/specs.git:
    - CocoaAsyncSocket
    - macOSThemeKit

SPEC CHECKSUMS:
  CocoaAsyncSocket: eafaa68a7e0ec99ead0a7b35015e0bf25d2c8987
  macOSThemeKit: 73f9ba343215becd64f7e4a4fc3d7e91b9047feb

PODFILE CHECKSUM: ebe70cf0430bb9673b9d2acef3c2a16142460de8

COCOAPODS: 1.6.0.beta.1
